---
http_interactions:
- request:
    method: post
    uri: http://calendar-api.local/v1/tasks
    body:
      encoding: UTF-8
      string: '{"title":"new","description":"Meaningful description with many details","location":"04179
        Leipzig Leutzsch","due_date":"2019-01-25 15:09:43 +0100","user_id":"0b710415-908f-42f9-9485-cb6575835c32","reference_ids":["902bd0f8-f795-47e1-8efc-5d540bfaf500","78fdeed0-d659-445f-ba3a-033cd328f194"],"metadata":{"add_1":true,"add_2":"2019-01-24
        15:09:43 +0100","add_3":"Info"}}'
    headers:
      User-Agent:
      - HausgoldSDK/0.1.0 test-client
      Authorization:
      - Bearer eyJhbGciOiJSUzI1NiJ9.eyJhdWQiOlsiaWRlbnRpdHktYXBpIiwibWFrbGVycG9ydGFsLWFwaSIsInBkZi1hcGkiLCJjYWxlbmRhci1hcGkiLCJjcm0iLCJqYWJiZXIiLCJ2ZXJrYWV1ZmVycG9ydGFsLWFwaSIsInByb3BlcnR5LWFwaSIsImFzc2V0LWFwaSJdLCJpc3MiOiJIQVVTR09MRCBJZGVudGl0eSBBUEkiLCJpYXQiOjE1NDgyNTI1NzksImV4cCI6MTU0ODg1NzM3OSwianRpIjoiZjYwNWE5ZTk2YmU2IiwidHlwIjoiYWNjZXNzIiwic3ViIjoiODdhNTMxN2YtMThhNC00ZmEzLTk4ZDMtYjk3YTcwNzYxMDJlIiwiZW1haWwiOiJpZGVudGl0eS1hcGlAaGF1c2dvbGQuZGUifQ.GXmvtbiCm9SKuxX2BJc1_ser2gyYdFBgZ8250KQaC7bRdoAVlxrWEJuZR7k1lp_BcG9Q_0R1Tz4szp4t8QkRb3qHpl2ESFj2CiY_UqDL6o2G5eIrwJ3aRob6R6iJwvbIgkbOw0j4rH3fhgtW9NSwct0dzlp5R87_XGT7DwO33W5kjNQJe_ig7GMo03u7mMKoLRXTP-IdT7MqD1urL_oWzozrENb1ymLnNh538X9iV6JDTJcnmPjfF_pS71FHV2jyiR6R6HZmaCdXFjiU1pWZG1MaR-rhO-Fea4yDP2iIyHzmVoDNeeunS1pndueqJV_JnDP-jRLY4TGCv5XzQxpC2A
      Content-Type:
      - application/json
      Accept:
      - application/json
      Accept-Encoding:
      - gzip;q=1.0,deflate;q=0.6,identity;q=0.3
  response:
    status:
      code: 201
      message: Created
    headers:
      Location:
      - "/v1/tasks/e91bb279-9a6a-43f2-8492-67c9cdf3044b"
      Content-Type:
      - application/json
      Etag:
      - W/"2033fe8ab9e3b107636638c53970e5e3"
      Cache-Control:
      - max-age=0, private, must-revalidate
      X-Request-Id:
      - 5bc41abd-c652-4b50-bab8-a6d3c53733bb
      X-Runtime:
      - '0.009042'
      Vary:
      - Origin
      Content-Length:
      - '619'
    body:
      encoding: UTF-8
      string: '{"id":"e91bb279-9a6a-43f2-8492-67c9cdf3044b","gid":"gid://calendar-api/Task/e91bb279-9a6a-43f2-8492-67c9cdf3044b","title":"new","description":"Meaningful
        description with many details","location":"04179 Leipzig Leutzsch","due_date":"2019-01-25T14:09:43Z","editable":true,"status":"open","result":null,"type":null,"user_id":"0b710415-908f-42f9-9485-cb6575835c32","reference_ids":["902bd0f8-f795-47e1-8efc-5d540bfaf500","78fdeed0-d659-445f-ba3a-033cd328f194"],"created_at":"2019-01-23T14:09:43Z","updated_at":"2019-01-23T14:09:43Z","alarms":[],"metadata":{"add_1":true,"add_2":"2019-01-24
        15:09:43 +0100","add_3":"Info"}}'
    http_version: 
  recorded_at: Wed, 23 Jan 2019 14:09:44 GMT
- request:
    method: post
    uri: http://calendar-api.local/v1/tasks
    body:
      encoding: UTF-8
      string: '{"title":"new","description":"Meaningful description with many details","location":"04179
        Leipzig Leutzsch","due_date":"2019-01-25 15:09:43 +0100","user_id":"0b710415-908f-42f9-9485-cb6575835c32","reference_ids":["902bd0f8-f795-47e1-8efc-5d540bfaf500","78fdeed0-d659-445f-ba3a-033cd328f194"],"metadata":{"add_1":true,"add_2":"2019-01-24
        15:09:43 +0100","add_3":"Info"}}'
    headers:
      User-Agent:
      - HausgoldSDK/0.1.0 test-client
      Authorization:
      - Bearer eyJhbGciOiJSUzI1NiJ9.eyJhdWQiOlsiaWRlbnRpdHktYXBpIiwibWFrbGVycG9ydGFsLWFwaSIsInBkZi1hcGkiLCJjYWxlbmRhci1hcGkiLCJjcm0iLCJqYWJiZXIiLCJ2ZXJrYWV1ZmVycG9ydGFsLWFwaSIsInByb3BlcnR5LWFwaSIsImFzc2V0LWFwaSJdLCJpc3MiOiJIQVVTR09MRCBJZGVudGl0eSBBUEkiLCJpYXQiOjE1NDgyNTI1NzksImV4cCI6MTU0ODg1NzM3OSwianRpIjoiZjYwNWE5ZTk2YmU2IiwidHlwIjoiYWNjZXNzIiwic3ViIjoiODdhNTMxN2YtMThhNC00ZmEzLTk4ZDMtYjk3YTcwNzYxMDJlIiwiZW1haWwiOiJpZGVudGl0eS1hcGlAaGF1c2dvbGQuZGUifQ.GXmvtbiCm9SKuxX2BJc1_ser2gyYdFBgZ8250KQaC7bRdoAVlxrWEJuZR7k1lp_BcG9Q_0R1Tz4szp4t8QkRb3qHpl2ESFj2CiY_UqDL6o2G5eIrwJ3aRob6R6iJwvbIgkbOw0j4rH3fhgtW9NSwct0dzlp5R87_XGT7DwO33W5kjNQJe_ig7GMo03u7mMKoLRXTP-IdT7MqD1urL_oWzozrENb1ymLnNh538X9iV6JDTJcnmPjfF_pS71FHV2jyiR6R6HZmaCdXFjiU1pWZG1MaR-rhO-Fea4yDP2iIyHzmVoDNeeunS1pndueqJV_JnDP-jRLY4TGCv5XzQxpC2A
      Content-Type:
      - application/json
      Accept:
      - application/json
      Accept-Encoding:
      - gzip;q=1.0,deflate;q=0.6,identity;q=0.3
  response:
    status:
      code: 201
      message: Created
    headers:
      Location:
      - "/v1/tasks/e5633a3e-5345-4443-9ddb-79f2f6ddf8c5"
      Content-Type:
      - application/json
      Etag:
      - W/"259d9d7be2d1c11adcdba9b2275068c3"
      Cache-Control:
      - max-age=0, private, must-revalidate
      X-Request-Id:
      - 75fd367f-49c5-4e48-8973-5289dd60b99d
      X-Runtime:
      - '0.009187'
      Vary:
      - Origin
      Content-Length:
      - '619'
    body:
      encoding: UTF-8
      string: '{"id":"e5633a3e-5345-4443-9ddb-79f2f6ddf8c5","gid":"gid://calendar-api/Task/e5633a3e-5345-4443-9ddb-79f2f6ddf8c5","title":"new","description":"Meaningful
        description with many details","location":"04179 Leipzig Leutzsch","due_date":"2019-01-25T14:09:43Z","editable":true,"status":"open","result":null,"type":null,"user_id":"0b710415-908f-42f9-9485-cb6575835c32","reference_ids":["902bd0f8-f795-47e1-8efc-5d540bfaf500","78fdeed0-d659-445f-ba3a-033cd328f194"],"created_at":"2019-01-23T14:09:44Z","updated_at":"2019-01-23T14:09:44Z","alarms":[],"metadata":{"add_1":true,"add_2":"2019-01-24
        15:09:43 +0100","add_3":"Info"}}'
    http_version: 
  recorded_at: Wed, 23 Jan 2019 14:09:44 GMT
recorded_with: VCR 3.0.3
