---
http_interactions:
- request:
    method: post
    uri: http://identity-api.local/v1/jwt/password
    body:
      encoding: UTF-8
      string: '{"email":"identity-api@hausgold.de","password":"Oacbos8otAc=","masquerade":{"id":"bf136aed-0259-4458-8cf7-762553eebfc2"},"bang":true}'
    headers:
      User-Agent:
      - HausgoldSDK/0.1.0 test-client
      Content-Type:
      - application/json
      Accept:
      - application/json
      Accept-Encoding:
      - gzip;q=1.0,deflate;q=0.6,identity;q=0.3
  response:
    status:
      code: 200
      message: OK
    headers:
      Content-Type:
      - application/json
      Etag:
      - W/"dc5d5a64eba824688f0e56a494ef70a0"
      Cache-Control:
      - max-age=0, private, must-revalidate
      X-Request-Id:
      - 9071c7c9-8551-483a-a330-114ddd74a13e
      X-Runtime:
      - '0.081719'
      Vary:
      - Origin
      Content-Length:
      - '1205'
    body:
      encoding: UTF-8
      string: '{"token_type":"bearer","access_token":"eyJhbGciOiJSUzI1NiJ9.eyJhdWQiOlsiaWRlbnRpdHktYXBpIiwibWFrbGVycG9ydGFsLWFwaSIsInBkZi1hcGkiLCJjYWxlbmRhci1hcGkiLCJjcm0iLCJqYWJiZXIiLCJ2ZXJrYWV1ZmVycG9ydGFsLWFwaSIsInByb3BlcnR5LWFwaSIsImFzc2V0LWFwaSJdLCJpc3MiOiJIQVVTR09MRCBJZGVudGl0eSBBUEkiLCJpYXQiOjE1NDgyNTI1ODcsImV4cCI6MTU0ODg1NzM4NywianRpIjoiYmU1ZDZlYTQ2YTkwIiwidHlwIjoiYWNjZXNzIiwic3ViIjoiYmYxMzZhZWQtMDI1OS00NDU4LThjZjctNzYyNTUzZWViZmMyIiwiZW1haWwiOiJ0ZXN0QGV4YW1wbGUuY29tIn0.j9OsiGFAQngMEjW1T3gT_-5clj6i9Gx9hA4nARe1LuAoqFdZHp4g_ezOVEqwouNDBQEBF1nRUdymXkZ33JMkvaWFseK4LrdBKO2u6I9dPCG6UMr9Ugp0qZeYs5Le5Pz73OBvFzSs_K7A_AaMXF1UYpPn0pS4SCS3QL8ZsuYW1tSrHxQtRLQPGhC7xC4aW06IWkIrMLqdjOmflJmSJy8cSAMABuYxkU0uRWkUx6GDxZgDpxtPd_btzDtRTAsx2X4iz_5NaqZE2chcPcyurMLEZnL_418wKtLeR4pm7PUJnx97BIJw2cz9X_HXNxHdKbx6UdbX8KXU8m7v_jzajU2FUA","expires_in":604800,"refresh_token":null,"user":{"id":"bf136aed-0259-4458-8cf7-762553eebfc2","gid":"gid://identity-api/User/bf136aed-0259-4458-8cf7-762553eebfc2","email":"test@example.com","type":"employee","status":"active","last_login_at":null,"created_at":"2019-01-22T11:40:05Z","updated_at":"2019-01-22T11:40:05Z","confirmed_at":"2019-01-22T11:40:05Z","locked_at":null,"recovery_at":null}}'
    http_version: 
  recorded_at: Wed, 23 Jan 2019 14:09:47 GMT
recorded_with: VCR 3.0.3
