---
http_interactions:
- request:
    method: post
    uri: http://identity-api.local/v1/jwt/password
    body:
      encoding: UTF-8
      string: '{"email":"identity-api@hausgold.de","password":"Oacbos8otAc=","masquerade":{"id":"bf136aed-0259-4458-8cf7-762553eebfc2"},"bang":true}'
    headers:
      User-Agent:
      - HausgoldSDK/0.1.0 test-client
      Content-Type:
      - application/json
      Accept:
      - application/json
      Accept-Encoding:
      - gzip;q=1.0,deflate;q=0.6,identity;q=0.3
  response:
    status:
      code: 200
      message: OK
    headers:
      Content-Type:
      - application/json
      Etag:
      - W/"bec9a77faebffa01a9322e02b44b6062"
      Cache-Control:
      - max-age=0, private, must-revalidate
      X-Request-Id:
      - afaa71c9-bce5-46a6-af80-e2b816c0f13a
      X-Runtime:
      - '0.087339'
      Vary:
      - Origin
      Content-Length:
      - '1205'
    body:
      encoding: UTF-8
      string: '{"token_type":"bearer","access_token":"eyJhbGciOiJSUzI1NiJ9.eyJhdWQiOlsiaWRlbnRpdHktYXBpIiwibWFrbGVycG9ydGFsLWFwaSIsInBkZi1hcGkiLCJjYWxlbmRhci1hcGkiLCJjcm0iLCJqYWJiZXIiLCJ2ZXJrYWV1ZmVycG9ydGFsLWFwaSIsInByb3BlcnR5LWFwaSIsImFzc2V0LWFwaSJdLCJpc3MiOiJIQVVTR09MRCBJZGVudGl0eSBBUEkiLCJpYXQiOjE1NDgyNTI1ODgsImV4cCI6MTU0ODg1NzM4OCwianRpIjoiMzY0NDA1ZjZiNzJkIiwidHlwIjoiYWNjZXNzIiwic3ViIjoiYmYxMzZhZWQtMDI1OS00NDU4LThjZjctNzYyNTUzZWViZmMyIiwiZW1haWwiOiJ0ZXN0QGV4YW1wbGUuY29tIn0.B9tExCaVbE45SrADwD9sS10VhkWXl0saKk5tCU-pYQNzUobt34fK8oELjbmu9X3iTbe0y1qkVp4g_YlepL86FkxKDiF_k4l7mFpgdGjB4qMF_BCwi0zcVSbicLSEx4WdFfyd2yvBgSoyrTyx_gkwY0C_LqqnhVz25lpB2NuyWUrWyKnjfmD-RtuHbJjo1oEniSVz48cjlmC45Ienk9IH8YoeMQmNnjZ3siI-BPKfgy7l5FQMSPtSxWn_mK466R2Ay2g2rFIoCqsEzNnzpnFnercTNL8NIeMZCtA4orx5684QdKJwXM9GoIAX3D_l27IeDFuj821QsJ2G4LiwonAjbg","expires_in":604800,"refresh_token":null,"user":{"id":"bf136aed-0259-4458-8cf7-762553eebfc2","gid":"gid://identity-api/User/bf136aed-0259-4458-8cf7-762553eebfc2","email":"test@example.com","type":"employee","status":"active","last_login_at":null,"created_at":"2019-01-22T11:40:05Z","updated_at":"2019-01-22T11:40:05Z","confirmed_at":"2019-01-22T11:40:05Z","locked_at":null,"recovery_at":null}}'
    http_version: 
  recorded_at: Wed, 23 Jan 2019 14:09:48 GMT
recorded_with: VCR 3.0.3
