---
http_interactions:
- request:
    method: post
    uri: http://calendar-api.local/v1/tasks
    body:
      encoding: UTF-8
      string: '{"title":"new","description":"Meaningful description with many details","location":"04179
        Leipzig Leutzsch","due_date":"2019-01-25 15:09:43 +0100","user_id":"89cc5e50-b2c3-49ab-91ee-17f732963c95","reference_ids":["813abd2a-b0f9-46ee-b8cd-ceb76f922eba","b57cb960-8d68-4860-bef4-939ba335061c","a00198ec-dd81-4e56-8d46-7054d54c5c05"],"metadata":{"add_1":true,"add_2":"2019-01-24
        15:09:43 +0100","add_3":"Info"}}'
    headers:
      User-Agent:
      - HausgoldSDK/0.1.0 test-client
      Authorization:
      - Bearer eyJhbGciOiJSUzI1NiJ9.eyJhdWQiOlsiaWRlbnRpdHktYXBpIiwibWFrbGVycG9ydGFsLWFwaSIsInBkZi1hcGkiLCJjYWxlbmRhci1hcGkiLCJjcm0iLCJqYWJiZXIiLCJ2ZXJrYWV1ZmVycG9ydGFsLWFwaSIsInByb3BlcnR5LWFwaSIsImFzc2V0LWFwaSJdLCJpc3MiOiJIQVVTR09MRCBJZGVudGl0eSBBUEkiLCJpYXQiOjE1NDgyNTI1NzksImV4cCI6MTU0ODg1NzM3OSwianRpIjoiZjYwNWE5ZTk2YmU2IiwidHlwIjoiYWNjZXNzIiwic3ViIjoiODdhNTMxN2YtMThhNC00ZmEzLTk4ZDMtYjk3YTcwNzYxMDJlIiwiZW1haWwiOiJpZGVudGl0eS1hcGlAaGF1c2dvbGQuZGUifQ.GXmvtbiCm9SKuxX2BJc1_ser2gyYdFBgZ8250KQaC7bRdoAVlxrWEJuZR7k1lp_BcG9Q_0R1Tz4szp4t8QkRb3qHpl2ESFj2CiY_UqDL6o2G5eIrwJ3aRob6R6iJwvbIgkbOw0j4rH3fhgtW9NSwct0dzlp5R87_XGT7DwO33W5kjNQJe_ig7GMo03u7mMKoLRXTP-IdT7MqD1urL_oWzozrENb1ymLnNh538X9iV6JDTJcnmPjfF_pS71FHV2jyiR6R6HZmaCdXFjiU1pWZG1MaR-rhO-Fea4yDP2iIyHzmVoDNeeunS1pndueqJV_JnDP-jRLY4TGCv5XzQxpC2A
      Content-Type:
      - application/json
      Accept:
      - application/json
      Accept-Encoding:
      - gzip;q=1.0,deflate;q=0.6,identity;q=0.3
  response:
    status:
      code: 201
      message: Created
    headers:
      Location:
      - "/v1/tasks/c458d4eb-e126-416e-8d27-ebccb0582fc0"
      Content-Type:
      - application/json
      Etag:
      - W/"ce1eb703080ea2f18c6b2a56f952e802"
      Cache-Control:
      - max-age=0, private, must-revalidate
      X-Request-Id:
      - 0ca8f845-e187-4964-8653-6cf37abc99b4
      X-Runtime:
      - '0.010391'
      Vary:
      - Origin
      Content-Length:
      - '658'
    body:
      encoding: UTF-8
      string: '{"id":"c458d4eb-e126-416e-8d27-ebccb0582fc0","gid":"gid://calendar-api/Task/c458d4eb-e126-416e-8d27-ebccb0582fc0","title":"new","description":"Meaningful
        description with many details","location":"04179 Leipzig Leutzsch","due_date":"2019-01-25T14:09:43Z","editable":true,"status":"open","result":null,"type":null,"user_id":"89cc5e50-b2c3-49ab-91ee-17f732963c95","reference_ids":["813abd2a-b0f9-46ee-b8cd-ceb76f922eba","b57cb960-8d68-4860-bef4-939ba335061c","a00198ec-dd81-4e56-8d46-7054d54c5c05"],"created_at":"2019-01-23T14:09:43Z","updated_at":"2019-01-23T14:09:43Z","alarms":[],"metadata":{"add_1":true,"add_2":"2019-01-24
        15:09:43 +0100","add_3":"Info"}}'
    http_version: 
  recorded_at: Wed, 23 Jan 2019 14:09:43 GMT
recorded_with: VCR 3.0.3
