---
http_interactions:
- request:
    method: post
    uri: http://identity-api.local/v1/jwt/password
    body:
      encoding: UTF-8
      string: '{"email":"identity-api@hausgold.de","password":"Oacbos8otAc=","masquerade":{"email":"test@example.com"},"bang":true}'
    headers:
      User-Agent:
      - HausgoldSDK/0.1.0 test-client
      Content-Type:
      - application/json
      Accept:
      - application/json
      Accept-Encoding:
      - gzip;q=1.0,deflate;q=0.6,identity;q=0.3
  response:
    status:
      code: 200
      message: OK
    headers:
      Content-Type:
      - application/json
      Etag:
      - W/"eca407379ad2cee4129dc36d9ffdd7c3"
      Cache-Control:
      - max-age=0, private, must-revalidate
      X-Request-Id:
      - 53173f62-337f-4d5f-a595-1f86d93a438e
      X-Runtime:
      - '0.083983'
      Vary:
      - Origin
      Content-Length:
      - '1205'
    body:
      encoding: UTF-8
      string: '{"token_type":"bearer","access_token":"eyJhbGciOiJSUzI1NiJ9.eyJhdWQiOlsiaWRlbnRpdHktYXBpIiwibWFrbGVycG9ydGFsLWFwaSIsInBkZi1hcGkiLCJjYWxlbmRhci1hcGkiLCJjcm0iLCJqYWJiZXIiLCJ2ZXJrYWV1ZmVycG9ydGFsLWFwaSIsInByb3BlcnR5LWFwaSIsImFzc2V0LWFwaSJdLCJpc3MiOiJIQVVTR09MRCBJZGVudGl0eSBBUEkiLCJpYXQiOjE1NDgyNTI1ODgsImV4cCI6MTU0ODg1NzM4OCwianRpIjoiM2Y5YzEwMTMxMTYwIiwidHlwIjoiYWNjZXNzIiwic3ViIjoiYmYxMzZhZWQtMDI1OS00NDU4LThjZjctNzYyNTUzZWViZmMyIiwiZW1haWwiOiJ0ZXN0QGV4YW1wbGUuY29tIn0.bYzh-aOGafMR6wXX3qN1xBcK2K3Jvcl7dd1kqCLdnjxpJD8mQq6xfOr1_xdtBmIxrsiqexzpuhradpDC6pB_Y9AMdCskJ_8KhX6BPJbksdlDCwfFZcsOo0SBu6EUL7TKsgpwRovcHj4yaUJNf-4Xo8y8jLibj9iK_UixUacQeT4Tau77ADYuxDggEzGIVZA8VpeJJNbpZb2rmAeqOd3wfUR40G_2D8Bm52t3Mn8ev9xbIWdXjGe5jb5es74RV3UuyEvdeYd3ZPHFmBe0fmREUAvvpmGIf-9MyODzKXubRM2V7fUA1xOgmM0gOowYO44IoUhUneNYZHJ19CtjQzoBlQ","expires_in":604800,"refresh_token":null,"user":{"id":"bf136aed-0259-4458-8cf7-762553eebfc2","gid":"gid://identity-api/User/bf136aed-0259-4458-8cf7-762553eebfc2","email":"test@example.com","type":"employee","status":"active","last_login_at":null,"created_at":"2019-01-22T11:40:05Z","updated_at":"2019-01-22T11:40:05Z","confirmed_at":"2019-01-22T11:40:05Z","locked_at":null,"recovery_at":null}}'
    http_version: 
  recorded_at: Wed, 23 Jan 2019 14:09:48 GMT
recorded_with: VCR 3.0.3
